
Microsoft Visual Studio Solution File, Format Version 12.00
# Visual Studio Version 17
VisualStudioVersion = 17.7.34202.233
MinimumVisualStudioVersion = 10.0.40219.1
Project("{2150E333-8FDC-42A3-9474-1A3956D46DE8}") = "Solution Items", "Solution Items", "{F168E44B-2172-47D2-A7BB-53DD3FF1DBDF}"
	ProjectSection(SolutionItems) = preProject
		Block.js = Block.js
		Blockchain.js = Blockchain.js
		BlockchainLedger.json = BlockchainLedger.json
		FeedData.json = FeedData.json
		FeedDataGenerator.js = FeedDataGenerator.js
		Main.js = Main.js
		Transaction.js = Transaction.js
	EndProjectSection
EndProject
Global
	GlobalSection(SolutionProperties) = preSolution
		HideSolutionNode = FALSE
	EndGlobalSection
	GlobalSection(ExtensibilityGlobals) = postSolution
		SolutionGuid = {1D711DB5-8396-4E37-A53B-DAC3D85DB106}
	EndGlobalSection
EndGlobal
